PODS:
  - Flutter (1.0.0)
  - flutter_tappay (0.0.1):
    - Flutter

DEPENDENCIES:
  - Flutter (from `Flutter`)
  - flutter_tappay (from `.symlinks/plugins/flutter_tappay/ios`)

EXTERNAL SOURCES:
  Flutter:
    :path: Flutter
  flutter_tappay:
    :path: ".symlinks/plugins/flutter_tappay/ios"

SPEC CHECKSUMS:
  Flutter: 0e3d915762c693b495b44d77113d4970485de6ec
  flutter_tappay: a7710ae37bc1a45963ce59859730e67af8a52434

PODFILE CHECKSUM: 1b66dae606f75376c5f2135a8290850eeb09ae83

COCOAPODS: 1.7.0
